PODS:
  - FBSnapshotTestCase (2.1.4):
    - FBSnapshotTestCase/SwiftSupport (= 2.1.4)
  - FBSnapshotTestCase/Core (2.1.4)
  - FBSnapshotTestCase/SwiftSupport (2.1.4):
    - FBSnapshotTestCase/Core
  - JKUBSAspects (0.1.0)
  - Kiwi (2.4.0)

DEPENDENCIES:
  - FBSnapshotTestCase
  - JKUBSAspects (from `../`)
  - Kiwi

EXTERNAL SOURCES:
  JKUBSAspects:
    :path: "../"

SPEC CHECKSUMS:
  FBSnapshotTestCase: 094f9f314decbabe373b87cc339bea235a63e07a
  JKUBSAspects: e5e8e90cc7cca71d88c87db1c428f9bd11f2a234
  Kiwi: f49c9d54b28917df5928fe44968a39ed198cb8a8

PODFILE CHECKSUM: 67be7aa5f4643755671872339465ab7b3edf1b1e

COCOAPODS: 1.1.1
